
Microsoft Visual Studio Solution File, Format Version 12.00
# Visual Studio Version 17
VisualStudioVersion = 17.7.34024.191
MinimumVisualStudioVersion = 10.0.40219.1
Project("{FAE04EC0-301F-11D3-BF4B-00C04F79EFBC}") = "SoftwareCenter", "SoftwareCenter\SoftwareCenter.csproj", "{8C748882-7782-400A-8236-7CBEAC50B4FF}"
EndProject
Global
	GlobalSection(SolutionConfigurationPlatforms) = preSolution
		Debug|Any CPU = Debug|Any CPU
		Release|Any CPU = Release|Any CPU
	EndGlobalSection
	GlobalSection(ProjectConfigurationPlatforms) = postSolution
		{8C748882-7782-400A-8236-7CBEAC50B4FF}.Debug|Any CPU.ActiveCfg = Debug|Any CPU
		{8C748882-7782-400A-8236-7CBEAC50B4FF}.Debug|Any CPU.Build.0 = Debug|Any CPU
		{8C748882-7782-400A-8236-7CBEAC50B4FF}.Release|Any CPU.ActiveCfg = Release|Any CPU
		{8C748882-7782-400A-8236-7CBEAC50B4FF}.Release|Any CPU.Build.0 = Release|Any CPU
	EndGlobalSection
	GlobalSection(SolutionProperties) = preSolution
		HideSolutionNode = FALSE
	EndGlobalSection
	GlobalSection(ExtensibilityGlobals) = postSolution
		SolutionGuid = {A2F5D180-3FF9-4366-99B4-E3A2A0ED98AC}
	EndGlobalSection
EndGlobal
